
Microsoft Visual Studio Solution File, Format Version 12.00
# Visual Studio Version 17
VisualStudioVersion = 17.6.33829.357
MinimumVisualStudioVersion = 10.0.40219.1
Project("{FAE04EC0-301F-11D3-BF4B-00C04F79EFBC}") = "ConsoleApp5http2", "ConsoleApp5http2.csproj", "{24AA7C29-0896-40C0-842A-AD289E455980}"
EndProject
Global
	GlobalSection(SolutionConfigurationPlatforms) = preSolution
		Debug|Any CPU = Debug|Any CPU
		Release|Any CPU = Release|Any CPU
	EndGlobalSection
	GlobalSection(ProjectConfigurationPlatforms) = postSolution
		{24AA7C29-0896-40C0-842A-AD289E455980}.Debug|Any CPU.ActiveCfg = Debug|Any CPU
		{24AA7C29-0896-40C0-842A-AD289E455980}.Debug|Any CPU.Build.0 = Debug|Any CPU
		{24AA7C29-0896-40C0-842A-AD289E455980}.Release|Any CPU.ActiveCfg = Release|Any CPU
		{24AA7C29-0896-40C0-842A-AD289E455980}.Release|Any CPU.Build.0 = Release|Any CPU
	EndGlobalSection
	GlobalSection(SolutionProperties) = preSolution
		HideSolutionNode = FALSE
	EndGlobalSection
	GlobalSection(ExtensibilityGlobals) = postSolution
		SolutionGuid = {472A712F-247D-4824-829A-EA2224903C45}
	EndGlobalSection
EndGlobal
